
Microsoft Visual Studio Solution File, Format Version 12.00
# Visual Studio 15
Project("{FAE04EC0-301F-11D3-BF4B-00C04F79EFBC}") = "Assembly-CSharp", "Assembly-CSharp.csproj", "{C474DFEE-1A8D-CFB2-EFD7-2738C00D4A76}"
EndProject
Global
	GlobalSection(SolutionConfigurationPlatforms) = preSolution
		Debug|Any CPU = Debug|Any CPU
		Release|Any CPU = Release|Any CPU
	EndGlobalSection
	GlobalSection(ProjectConfigurationPlatforms) = postSolution
		{C474DFEE-1A8D-CFB2-EFD7-2738C00D4A76}.Debug|Any CPU.ActiveCfg = Debug|Any CPU
		{C474DFEE-1A8D-CFB2-EFD7-2738C00D4A76}.Debug|Any CPU.Build.0 = Debug|Any CPU
		{C474DFEE-1A8D-CFB2-EFD7-2738C00D4A76}.Release|Any CPU.ActiveCfg = Release|Any CPU
		{C474DFEE-1A8D-CFB2-EFD7-2738C00D4A76}.Release|Any CPU.Build.0 = Release|Any CPU
	EndGlobalSection
	GlobalSection(SolutionProperties) = preSolution
		HideSolutionNode = FALSE
	EndGlobalSection
EndGlobal
